
Microsoft Visual Studio Solution File, Format Version 12.00
# Visual Studio Version 16
VisualStudioVersion = 16.0.31729.503
MinimumVisualStudioVersion = 10.0.40219.1
Project("{FAE04EC0-301F-11D3-BF4B-00C04F79EFBC}") = "CheckboxFor", "CheckboxFor\CheckboxFor.csproj", "{C5AEE690-8EEF-4CA7-B086-1A21130744F9}"
EndProject
Global
	GlobalSection(SolutionConfigurationPlatforms) = preSolution
		Debug|Any CPU = Debug|Any CPU
		Release|Any CPU = Release|Any CPU
	EndGlobalSection
	GlobalSection(ProjectConfigurationPlatforms) = postSolution
		{C5AEE690-8EEF-4CA7-B086-1A21130744F9}.Debug|Any CPU.ActiveCfg = Debug|Any CPU
		{C5AEE690-8EEF-4CA7-B086-1A21130744F9}.Debug|Any CPU.Build.0 = Debug|Any CPU
		{C5AEE690-8EEF-4CA7-B086-1A21130744F9}.Release|Any CPU.ActiveCfg = Release|Any CPU
		{C5AEE690-8EEF-4CA7-B086-1A21130744F9}.Release|Any CPU.Build.0 = Release|Any CPU
	EndGlobalSection
	GlobalSection(SolutionProperties) = preSolution
		HideSolutionNode = FALSE
	EndGlobalSection
	GlobalSection(ExtensibilityGlobals) = postSolution
		SolutionGuid = {2A662E07-947D-4836-B2EA-42C3D797C5B0}
	EndGlobalSection
EndGlobal
